// !$*UTF8*$!
{
	archiveVersion = 1;
	classes = {
	};
	objectVersion = 77;
	objects = {

/* Begin PBXBuildFile section */
		B0C9D6FAE8E3707715F7AC48 /* HaltestellenmonitorKit in Frameworks */ = {isa = PBXBuildFile; productRef = 1D91FD971A321013D1A6C67F /* HaltestellenmonitorKit */; };
		E68902341E5E69F2A324249D /* HaltestellenmonitorKit in Frameworks */ = {isa = PBXBuildFile; productRef = 425AEA0C8CBD64542A459542 /* HaltestellenmonitorKit */; };
		FD1FC1B9BC3C327054A617E1 /* HaltestellenmonitorKit in Frameworks */ = {isa = PBXBuildFile; productRef = D25E979F22745EBF02D34F08 /* HaltestellenmonitorKit */; };
		D0BD668429EFE0AA004E574C /* WidgetKit.framework in Frameworks */ = {isa = PBXBuildFile; fileRef = D0BD664929EFDD50004E574C /* WidgetKit.framework */; };
		D0BD668529EFE0AA004E574C /* SwiftUI.framework in Frameworks */ = {isa = PBXBuildFile; fileRef = D0BD664B29EFDD50004E574C /* SwiftUI.framework */; };
		D0BD669529EFE0AB004E574C /* MonitorWidgetExtension.appex in Embed Foundation Extensions */ = {isa = PBXBuildFile; fileRef = D0BD668329EFE0AA004E574C /* MonitorWidgetExtension.appex */; settings = {ATTRIBUTES = (RemoveHeadersOnCopy, ); }; };
		D0C1ECE429F333F9001D214D /* ActivityKit.framework in Frameworks */ = {isa = PBXBuildFile; fileRef = D0C1ECE329F333F9001D214D /* ActivityKit.framework */; settings = {ATTRIBUTES = (Weak, ); }; };
		D0D1995F29F40AAA00946D87 /* Haltestellenmonitor Dresden.app in Embed Watch Content */ = {isa = PBXBuildFile; fileRef = D0D1995229F40AA900946D87 /* Haltestellenmonitor Dresden.app */; settings = {ATTRIBUTES = (RemoveHeadersOnCopy, ); }; };
/* End PBXBuildFile section */

/* Begin PBXContainerItemProxy section */
		D00059C62A52F3800007468A /* PBXContainerItemProxy */ = {
			isa = PBXContainerItemProxy;
			containerPortal = D03A267729EEB6C9005B0600 /* Project object */;
			proxyType = 1;
			remoteGlobalIDString = D03A267E29EEB6C9005B0600;
			remoteInfo = "Haltestellenmonitor1-DD";
		};
		D0BD669329EFE0AB004E574C /* PBXContainerItemProxy */ = {
			isa = PBXContainerItemProxy;
			containerPortal = D03A267729EEB6C9005B0600 /* Project object */;
			proxyType = 1;
			remoteGlobalIDString = D0BD668229EFE0AA004E574C;
			remoteInfo = MonitorWidgetExtension;
		};
		D0D1995D29F40AAA00946D87 /* PBXContainerItemProxy */ = {
			isa = PBXContainerItemProxy;
			containerPortal = D03A267729EEB6C9005B0600 /* Project object */;
			proxyType = 1;
			remoteGlobalIDString = D0D1995129F40AA900946D87;
			remoteInfo = "WatchMonitor Watch App";
		};
/* End PBXContainerItemProxy section */

/* Begin PBXCopyFilesBuildPhase section */
		D0BD665D29EFDD51004E574C /* Embed Foundation Extensions */ = {
			isa = PBXCopyFilesBuildPhase;
			buildActionMask = 12;
			dstPath = "";
			dstSubfolderSpec = 13;
			files = (
				D0BD669529EFE0AB004E574C /* MonitorWidgetExtension.appex in Embed Foundation Extensions */,
			);
			name = "Embed Foundation Extensions";
			runOnlyForDeploymentPostprocessing = 0;
		};
		D0D1996329F40AAA00946D87 /* Embed Watch Content */ = {
			isa = PBXCopyFilesBuildPhase;
			buildActionMask = 2147483647;
			dstPath = "$(CONTENTS_FOLDER_PATH)/Watch";
			dstSubfolderSpec = 16;
			files = (
				D0D1995F29F40AAA00946D87 /* Haltestellenmonitor Dresden.app in Embed Watch Content */,
			);
			name = "Embed Watch Content";
			runOnlyForDeploymentPostprocessing = 0;
		};
/* End PBXCopyFilesBuildPhase section */

/* Begin PBXFileReference section */
		D00059C22A52F3800007468A /* Haltestellenmonitor1-DDTests.xctest */ = {isa = PBXFileReference; explicitFileType = wrapper.cfbundle; includeInIndex = 0; path = "Haltestellenmonitor1-DDTests.xctest"; sourceTree = BUILT_PRODUCTS_DIR; };
		D011C45829F58875008DF9E1 /* MonitorWidgetExtension.entitlements */ = {isa = PBXFileReference; lastKnownFileType = text.plist.entitlements; path = MonitorWidgetExtension.entitlements; sourceTree = "<group>"; };
		D03A267F29EEB6C9005B0600 /* Haltestellenmonitor1-DD.app */ = {isa = PBXFileReference; explicitFileType = wrapper.application; includeInIndex = 0; path = "Haltestellenmonitor1-DD.app"; sourceTree = BUILT_PRODUCTS_DIR; };
		D0BD664929EFDD50004E574C /* WidgetKit.framework */ = {isa = PBXFileReference; lastKnownFileType = wrapper.framework; name = WidgetKit.framework; path = System/Library/Frameworks/WidgetKit.framework; sourceTree = SDKROOT; };
		D0BD664B29EFDD50004E574C /* SwiftUI.framework */ = {isa = PBXFileReference; lastKnownFileType = wrapper.framework; name = SwiftUI.framework; path = System/Library/Frameworks/SwiftUI.framework; sourceTree = SDKROOT; };
		D0BD668329EFE0AA004E574C /* MonitorWidgetExtension.appex */ = {isa = PBXFileReference; explicitFileType = "wrapper.app-extension"; includeInIndex = 0; path = MonitorWidgetExtension.appex; sourceTree = BUILT_PRODUCTS_DIR; };
		D0C1ECE329F333F9001D214D /* ActivityKit.framework */ = {isa = PBXFileReference; lastKnownFileType = wrapper.framework; name = ActivityKit.framework; path = System/Library/Frameworks/ActivityKit.framework; sourceTree = SDKROOT; };
		D0D1995229F40AA900946D87 /* Haltestellenmonitor Dresden.app */ = {isa = PBXFileReference; explicitFileType = wrapper.application; includeInIndex = 0; path = "Haltestellenmonitor Dresden.app"; sourceTree = BUILT_PRODUCTS_DIR; };
/* End PBXFileReference section */

/* Begin PBXFileSystemSynchronizedBuildFileExceptionSet section */
		06FBDA72FA64DA8F9CF86E06 /* Exceptions for "Haltestellenmonitor1-DDTests" folder in "Haltestellenmonitor1-DDTests" target */ = {
			isa = PBXFileSystemSynchronizedBuildFileExceptionSet;
			membershipExceptions = (
				Fixtures/efa_departures.json,
				Fixtures/efa_stop_sequence.json,
			);
			target = D00059C12A52F3800007468A /* Haltestellenmonitor1-DDTests */;
		};
		5CE4568A4E067AF560B6A9DC /* Exceptions for "Data" folder in "Haltestellenmonitor1-DD" target */ = {
			isa = PBXFileSystemSynchronizedBuildFileExceptionSet;
			membershipExceptions = (
				trip.json,
			);
			target = D03A267E29EEB6C9005B0600 /* Haltestellenmonitor1-DD */;
		};
		84CB0A80E41FFCBEE985685A /* Exceptions for "MonitorWidget" folder in "Haltestellenmonitor1-DD" target */ = {
			isa = PBXFileSystemSynchronizedBuildFileExceptionSet;
			membershipExceptions = (
				Models/TripAttributes.swift,
			);
			target = D03A267E29EEB6C9005B0600 /* Haltestellenmonitor1-DD */;
		};
		B5266C667B5662282EDE82AC /* Exceptions for "MonitorWidget" folder in "MonitorWidgetExtension" target */ = {
			isa = PBXFileSystemSynchronizedBuildFileExceptionSet;
			membershipExceptions = (
				Info.plist,
			);
			target = D0BD668229EFE0AA004E574C /* MonitorWidgetExtension */;
		};
/* End PBXFileSystemSynchronizedBuildFileExceptionSet section */

/* Begin PBXFileSystemSynchronizedRootGroup section */
		4ADECE64A60651900C03DA97 /* WatchMonitor Watch App */ = {
			isa = PBXFileSystemSynchronizedRootGroup;
			path = "WatchMonitor Watch App";
			sourceTree = "<group>";
		};
		776AF5C7D292DC235E11DF31 /* Haltestellenmonitor1-DD */ = {
			isa = PBXFileSystemSynchronizedRootGroup;
			path = "Haltestellenmonitor1-DD";
			sourceTree = "<group>";
		};
		96BC4A6E86FD731B223945F5 /* MonitorWidget */ = {
			isa = PBXFileSystemSynchronizedRootGroup;
			exceptions = (
				84CB0A80E41FFCBEE985685A /* Exceptions for "MonitorWidget" folder in "Haltestellenmonitor1-DD" target */,
				B5266C667B5662282EDE82AC /* Exceptions for "MonitorWidget" folder in "MonitorWidgetExtension" target */,
			);
			path = MonitorWidget;
			sourceTree = "<group>";
		};
		A878F1E9CDCCDF3AD4A9D8C9 /* Data */ = {
			isa = PBXFileSystemSynchronizedRootGroup;
			exceptions = (
				5CE4568A4E067AF560B6A9DC /* Exceptions for "Data" folder in "Haltestellenmonitor1-DD" target */,
			);
			path = Data;
			sourceTree = "<group>";
		};
		BC7969F0452BF76A64641323 /* Haltestellenmonitor1-DDTests */ = {
			isa = PBXFileSystemSynchronizedRootGroup;
			exceptions = (
				06FBDA72FA64DA8F9CF86E06 /* Exceptions for "Haltestellenmonitor1-DDTests" folder in "Haltestellenmonitor1-DDTests" target */,
			);
			path = "Haltestellenmonitor1-DDTests";
			sourceTree = "<group>";
		};
/* End PBXFileSystemSynchronizedRootGroup section */

/* Begin PBXFrameworksBuildPhase section */
		D00059BF2A52F3800007468A /* Frameworks */ = {
			isa = PBXFrameworksBuildPhase;
			buildActionMask = 2147483647;
			files = (
			);
			runOnlyForDeploymentPostprocessing = 0;
		};
		D03A267C29EEB6C9005B0600 /* Frameworks */ = {
			isa = PBXFrameworksBuildPhase;
			buildActionMask = 2147483647;
			files = (
				B0C9D6FAE8E3707715F7AC48 /* HaltestellenmonitorKit in Frameworks */,
				D0C1ECE429F333F9001D214D /* ActivityKit.framework in Frameworks */,
			);
			runOnlyForDeploymentPostprocessing = 0;
		};
		D0BD668029EFE0AA004E574C /* Frameworks */ = {
			isa = PBXFrameworksBuildPhase;
			buildActionMask = 2147483647;
			files = (
				E68902341E5E69F2A324249D /* HaltestellenmonitorKit in Frameworks */,
				D0BD668529EFE0AA004E574C /* SwiftUI.framework in Frameworks */,
				D0BD668429EFE0AA004E574C /* WidgetKit.framework in Frameworks */,
			);
			runOnlyForDeploymentPostprocessing = 0;
		};
		D0D1994F29F40AA900946D87 /* Frameworks */ = {
			isa = PBXFrameworksBuildPhase;
			buildActionMask = 2147483647;
			files = (
				FD1FC1B9BC3C327054A617E1 /* HaltestellenmonitorKit in Frameworks */,
			);
			runOnlyForDeploymentPostprocessing = 0;
		};
/* End PBXFrameworksBuildPhase section */

/* Begin PBXGroup section */
		D03A267629EEB6C9005B0600 = {
			isa = PBXGroup;
			children = (
				D011C45829F58875008DF9E1 /* MonitorWidgetExtension.entitlements */,
				A878F1E9CDCCDF3AD4A9D8C9 /* Data */,
				776AF5C7D292DC235E11DF31 /* Haltestellenmonitor1-DD */,
				96BC4A6E86FD731B223945F5 /* MonitorWidget */,
				4ADECE64A60651900C03DA97 /* WatchMonitor Watch App */,
				BC7969F0452BF76A64641323 /* Haltestellenmonitor1-DDTests */,
				D0BD664829EFDD50004E574C /* Frameworks */,
				D03A268029EEB6C9005B0600 /* Products */,
			);
			sourceTree = "<group>";
		};
		D03A268029EEB6C9005B0600 /* Products */ = {
			isa = PBXGroup;
			children = (
				D03A267F29EEB6C9005B0600 /* Haltestellenmonitor1-DD.app */,
				D0BD668329EFE0AA004E574C /* MonitorWidgetExtension.appex */,
				D0D1995229F40AA900946D87 /* Haltestellenmonitor Dresden.app */,
				D00059C22A52F3800007468A /* Haltestellenmonitor1-DDTests.xctest */,
			);
			name = Products;
			sourceTree = "<group>";
		};
		D0BD664829EFDD50004E574C /* Frameworks */ = {
			isa = PBXGroup;
			children = (
				D0C1ECE329F333F9001D214D /* ActivityKit.framework */,
				D0BD664929EFDD50004E574C /* WidgetKit.framework */,
				D0BD664B29EFDD50004E574C /* SwiftUI.framework */,
			);
			name = Frameworks;
			sourceTree = "<group>";
		};
/* End PBXGroup section */

/* Begin PBXNativeTarget section */
		D00059C12A52F3800007468A /* Haltestellenmonitor1-DDTests */ = {
			isa = PBXNativeTarget;
			buildConfigurationList = D00059CA2A52F3800007468A /* Build configuration list for PBXNativeTarget "Haltestellenmonitor1-DDTests" */;
			buildPhases = (
				D00059BE2A52F3800007468A /* Sources */,
				D00059BF2A52F3800007468A /* Frameworks */,
				D00059C02A52F3800007468A /* Resources */,
			);
			buildRules = (
			);
			dependencies = (
				D00059C72A52F3800007468A /* PBXTargetDependency */,
			);
			fileSystemSynchronizedGroups = (
				BC7969F0452BF76A64641323 /* Haltestellenmonitor1-DDTests */,
			);
			name = "Haltestellenmonitor1-DDTests";
			productName = "Haltestellenmonitor1-DDTests";
			productReference = D00059C22A52F3800007468A /* Haltestellenmonitor1-DDTests.xctest */;
			productType = "com.apple.product-type.bundle.unit-test";
		};
		D03A267E29EEB6C9005B0600 /* Haltestellenmonitor1-DD */ = {
			isa = PBXNativeTarget;
			buildConfigurationList = D03A268D29EEB6C9005B0600 /* Build configuration list for PBXNativeTarget "Haltestellenmonitor1-DD" */;
			buildPhases = (
				D03A267B29EEB6C9005B0600 /* Sources */,
				D03A267C29EEB6C9005B0600 /* Frameworks */,
				D03A267D29EEB6C9005B0600 /* Resources */,
				D0BD665D29EFDD51004E574C /* Embed Foundation Extensions */,
				D0D1996329F40AAA00946D87 /* Embed Watch Content */,
			);
			buildRules = (
			);
			dependencies = (
				D0BD669429EFE0AB004E574C /* PBXTargetDependency */,
				D0D1995E29F40AAA00946D87 /* PBXTargetDependency */,
			);
			fileSystemSynchronizedGroups = (
				776AF5C7D292DC235E11DF31 /* Haltestellenmonitor1-DD */,
			);
			name = "Haltestellenmonitor1-DD";
			packageProductDependencies = (
			);
			packageProductDependencies = (
				1D91FD971A321013D1A6C67F /* HaltestellenmonitorKit */,
			);
			productName = "Haltestellenmonitor1-DD";
			productReference = D03A267F29EEB6C9005B0600 /* Haltestellenmonitor1-DD.app */;
			productType = "com.apple.product-type.application";
		};
		D0BD668229EFE0AA004E574C /* MonitorWidgetExtension */ = {
			isa = PBXNativeTarget;
			buildConfigurationList = D0BD669629EFE0AB004E574C /* Build configuration list for PBXNativeTarget "MonitorWidgetExtension" */;
			buildPhases = (
				D0BD667F29EFE0AA004E574C /* Sources */,
				D0BD668029EFE0AA004E574C /* Frameworks */,
				D0BD668129EFE0AA004E574C /* Resources */,
			);
			buildRules = (
			);
			dependencies = (
			);
			fileSystemSynchronizedGroups = (
				96BC4A6E86FD731B223945F5 /* MonitorWidget */,
			);
			name = MonitorWidgetExtension;
			packageProductDependencies = (
			);
			packageProductDependencies = (
				425AEA0C8CBD64542A459542 /* HaltestellenmonitorKit */,
			);
			productName = MonitorWidgetExtension;
			productReference = D0BD668329EFE0AA004E574C /* MonitorWidgetExtension.appex */;
			productType = "com.apple.product-type.app-extension";
		};
		D0D1995129F40AA900946D87 /* WatchMonitor Watch App */ = {
			isa = PBXNativeTarget;
			buildConfigurationList = D0D1996029F40AAA00946D87 /* Build configuration list for PBXNativeTarget "WatchMonitor Watch App" */;
			buildPhases = (
				D0D1994E29F40AA900946D87 /* Sources */,
				D0D1994F29F40AA900946D87 /* Frameworks */,
				D0D1995029F40AA900946D87 /* Resources */,
			);
			buildRules = (
			);
			dependencies = (
			);
			fileSystemSynchronizedGroups = (
				4ADECE64A60651900C03DA97 /* WatchMonitor Watch App */,
			);
			name = "WatchMonitor Watch App";
			packageProductDependencies = (
			);
			packageProductDependencies = (
				D25E979F22745EBF02D34F08 /* HaltestellenmonitorKit */,
			);
			productName = "WatchMonitor Watch App";
			productReference = D0D1995229F40AA900946D87 /* Haltestellenmonitor Dresden.app */;
			productType = "com.apple.product-type.application";
		};
/* End PBXNativeTarget section */

/* Begin PBXProject section */
		D03A267729EEB6C9005B0600 /* Project object */ = {
			isa = PBXProject;
			attributes = {
				BuildIndependentTargetsInParallel = 1;
				LastSwiftUpdateCheck = 1430;
				LastUpgradeCheck = 1620;
				TargetAttributes = {
					D00059C12A52F3800007468A = {
						CreatedOnToolsVersion = 14.3.1;
						TestTargetID = D03A267E29EEB6C9005B0600;
					};
					D03A267E29EEB6C9005B0600 = {
						CreatedOnToolsVersion = 14.3;
					};
					D0BD668229EFE0AA004E574C = {
						CreatedOnToolsVersion = 14.3;
					};
					D0D1995129F40AA900946D87 = {
						CreatedOnToolsVersion = 14.3;
					};
				};
			};
			buildConfigurationList = D03A267A29EEB6C9005B0600 /* Build configuration list for PBXProject "Haltestellenmonitor1-DD" */;
			developmentRegion = de;
			hasScannedForEncodings = 0;
			knownRegions = (
				Base,
				de,
			);
			mainGroup = D03A267629EEB6C9005B0600;
			packageReferences = (
			);
			packageReferences = (
				8F2E078A37D1ABF5890311D4 /* XCLocalSwiftPackageReference "HaltestellenmonitorKit" */,
			);
			preferredProjectObjectVersion = 77;
			productRefGroup = D03A268029EEB6C9005B0600 /* Products */;
			projectDirPath = "";
			projectRoot = "";
			targets = (
				D03A267E29EEB6C9005B0600 /* Haltestellenmonitor1-DD */,
				D0BD668229EFE0AA004E574C /* MonitorWidgetExtension */,
				D0D1995129F40AA900946D87 /* WatchMonitor Watch App */,
				D00059C12A52F3800007468A /* Haltestellenmonitor1-DDTests */,
			);
		};
/* End PBXProject section */

/* Begin PBXResourcesBuildPhase section */
		D00059C02A52F3800007468A /* Resources */ = {
			isa = PBXResourcesBuildPhase;
			buildActionMask = 2147483647;
			files = (
			);
			runOnlyForDeploymentPostprocessing = 0;
		};
		D03A267D29EEB6C9005B0600 /* Resources */ = {
			isa = PBXResourcesBuildPhase;
			buildActionMask = 2147483647;
			files = (
			);
			runOnlyForDeploymentPostprocessing = 0;
		};
		D0BD668129EFE0AA004E574C /* Resources */ = {
			isa = PBXResourcesBuildPhase;
			buildActionMask = 2147483647;
			files = (
			);
			runOnlyForDeploymentPostprocessing = 0;
		};
		D0D1995029F40AA900946D87 /* Resources */ = {
			isa = PBXResourcesBuildPhase;
			buildActionMask = 2147483647;
			files = (
			);
			runOnlyForDeploymentPostprocessing = 0;
		};
/* End PBXResourcesBuildPhase section */

/* Begin PBXSourcesBuildPhase section */
		D00059BE2A52F3800007468A /* Sources */ = {
			isa = PBXSourcesBuildPhase;
			buildActionMask = 2147483647;
			files = (
			);
			runOnlyForDeploymentPostprocessing = 0;
		};
		D03A267B29EEB6C9005B0600 /* Sources */ = {
			isa = PBXSourcesBuildPhase;
			buildActionMask = 2147483647;
			files = (
			);
			runOnlyForDeploymentPostprocessing = 0;
		};
		D0BD667F29EFE0AA004E574C /* Sources */ = {
			isa = PBXSourcesBuildPhase;
			buildActionMask = 2147483647;
			files = (
			);
			runOnlyForDeploymentPostprocessing = 0;
		};
		D0D1994E29F40AA900946D87 /* Sources */ = {
			isa = PBXSourcesBuildPhase;
			buildActionMask = 2147483647;
			files = (
			);
			runOnlyForDeploymentPostprocessing = 0;
		};
/* End PBXSourcesBuildPhase section */

/* Begin PBXTargetDependency section */
		D00059C72A52F3800007468A /* PBXTargetDependency */ = {
			isa = PBXTargetDependency;
			target = D03A267E29EEB6C9005B0600 /* Haltestellenmonitor1-DD */;
			targetProxy = D00059C62A52F3800007468A /* PBXContainerItemProxy */;
		};
		D0BD669429EFE0AB004E574C /* PBXTargetDependency */ = {
			isa = PBXTargetDependency;
			target = D0BD668229EFE0AA004E574C /* MonitorWidgetExtension */;
			targetProxy = D0BD669329EFE0AB004E574C /* PBXContainerItemProxy */;
		};
		D0D1995E29F40AAA00946D87 /* PBXTargetDependency */ = {
			isa = PBXTargetDependency;
			target = D0D1995129F40AA900946D87 /* WatchMonitor Watch App */;
			targetProxy = D0D1995D29F40AAA00946D87 /* PBXContainerItemProxy */;
		};
/* End PBXTargetDependency section */

/* Begin XCBuildConfiguration section */
		D00059C82A52F3800007468A /* Debug */ = {
			isa = XCBuildConfiguration;
			buildSettings = {
				BUNDLE_LOADER = "$(TEST_HOST)";
				CODE_SIGN_STYLE = Automatic;
				CURRENT_PROJECT_VERSION = 9;
				DEVELOPMENT_TEAM = WGL37RNHJ6;
				GENERATE_INFOPLIST_FILE = YES;
				MARKETING_VERSION = 4.0.0;
				PRODUCT_BUNDLE_IDENTIFIER = "dev.hanashi.Haltestellenmonitor1-DDTests";
				PRODUCT_NAME = "$(TARGET_NAME)";
				SWIFT_EMIT_LOC_STRINGS = NO;
				SWIFT_VERSION = 5.0;
				TARGETED_DEVICE_FAMILY = "1,2";
				TEST_HOST = "$(BUILT_PRODUCTS_DIR)/Haltestellenmonitor1-DD.app/$(BUNDLE_EXECUTABLE_FOLDER_PATH)/Haltestellenmonitor1-DD";
			};
			name = Debug;
		};
		D00059C92A52F3800007468A /* Release */ = {
			isa = XCBuildConfiguration;
			buildSettings = {
				BUNDLE_LOADER = "$(TEST_HOST)";
				CODE_SIGN_STYLE = Automatic;
				CURRENT_PROJECT_VERSION = 9;
				DEVELOPMENT_TEAM = WGL37RNHJ6;
				GENERATE_INFOPLIST_FILE = YES;
				MARKETING_VERSION = 4.0.0;
				PRODUCT_BUNDLE_IDENTIFIER = "dev.hanashi.Haltestellenmonitor1-DDTests";
				PRODUCT_NAME = "$(TARGET_NAME)";
				SWIFT_EMIT_LOC_STRINGS = NO;
				SWIFT_VERSION = 5.0;
				TARGETED_DEVICE_FAMILY = "1,2";
				TEST_HOST = "$(BUILT_PRODUCTS_DIR)/Haltestellenmonitor1-DD.app/$(BUNDLE_EXECUTABLE_FOLDER_PATH)/Haltestellenmonitor1-DD";
			};
			name = Release;
		};
		D03A268B29EEB6C9005B0600 /* Debug */ = {
			isa = XCBuildConfiguration;
			buildSettings = {
				ALWAYS_SEARCH_USER_PATHS = NO;
				ASSETCATALOG_COMPILER_GENERATE_SWIFT_ASSET_SYMBOL_EXTENSIONS = YES;
				CLANG_ANALYZER_NONNULL = YES;
				CLANG_ANALYZER_NUMBER_OBJECT_CONVERSION = YES_AGGRESSIVE;
				CLANG_CXX_LANGUAGE_STANDARD = "gnu++20";
				CLANG_ENABLE_MODULES = YES;
				CLANG_ENABLE_OBJC_ARC = YES;
				CLANG_ENABLE_OBJC_WEAK = YES;
				CLANG_WARN_BLOCK_CAPTURE_AUTORELEASING = YES;
				CLANG_WARN_BOOL_CONVERSION = YES;
				CLANG_WARN_COMMA = YES;
				CLANG_WARN_CONSTANT_CONVERSION = YES;
				CLANG_WARN_DEPRECATED_OBJC_IMPLEMENTATIONS = YES;
				CLANG_WARN_DIRECT_OBJC_ISA_USAGE = YES_ERROR;
				CLANG_WARN_DOCUMENTATION_COMMENTS = YES;
				CLANG_WARN_EMPTY_BODY = YES;
				CLANG_WARN_ENUM_CONVERSION = YES;
				CLANG_WARN_INFINITE_RECURSION = YES;
				CLANG_WARN_INT_CONVERSION = YES;
				CLANG_WARN_NON_LITERAL_NULL_CONVERSION = YES;
				CLANG_WARN_OBJC_IMPLICIT_RETAIN_SELF = YES;
				CLANG_WARN_OBJC_LITERAL_CONVERSION = YES;
				CLANG_WARN_OBJC_ROOT_CLASS = YES_ERROR;
				CLANG_WARN_QUOTED_INCLUDE_IN_FRAMEWORK_HEADER = YES;
				CLANG_WARN_RANGE_LOOP_ANALYSIS = YES;
				CLANG_WARN_STRICT_PROTOTYPES = YES;
				CLANG_WARN_SUSPICIOUS_MOVE = YES;
				CLANG_WARN_UNGUARDED_AVAILABILITY = YES_AGGRESSIVE;
				CLANG_WARN_UNREACHABLE_CODE = YES;
				CLANG_WARN__DUPLICATE_METHOD_MATCH = YES;
				COPY_PHASE_STRIP = NO;
				DEBUG_INFORMATION_FORMAT = dwarf;
				ENABLE_STRICT_OBJC_MSGSEND = YES;
				ENABLE_TESTABILITY = YES;
				ENABLE_USER_SCRIPT_SANDBOXING = YES;
				GCC_C_LANGUAGE_STANDARD = gnu11;
				GCC_DYNAMIC_NO_PIC = NO;
				GCC_NO_COMMON_BLOCKS = YES;
				GCC_OPTIMIZATION_LEVEL = 0;
				GCC_PREPROCESSOR_DEFINITIONS = (
					"DEBUG=1",
					"$(inherited)",
				);
				GCC_WARN_64_TO_32_BIT_CONVERSION = YES;
				GCC_WARN_ABOUT_RETURN_TYPE = YES_ERROR;
				GCC_WARN_UNDECLARED_SELECTOR = YES;
				GCC_WARN_UNINITIALIZED_AUTOS = YES_AGGRESSIVE;
				GCC_WARN_UNUSED_FUNCTION = YES;
				GCC_WARN_UNUSED_VARIABLE = YES;
				IPHONEOS_DEPLOYMENT_TARGET = 17.0;
				MTL_ENABLE_DEBUG_INFO = INCLUDE_SOURCE;
				MTL_FAST_MATH = YES;
				ONLY_ACTIVE_ARCH = YES;
				OTHER_SWIFT_FLAGS = "$(inherited) -Xfrontend -warn-long-expression-type-checking=200 -Xfrontend -warn-long-function-bodies=200";
				SDKROOT = iphoneos;
				SWIFT_ACTIVE_COMPILATION_CONDITIONS = DEBUG;
				SWIFT_OPTIMIZATION_LEVEL = "-Onone";
			};
			name = Debug;
		};
		D03A268C29EEB6C9005B0600 /* Release */ = {
			isa = XCBuildConfiguration;
			buildSettings = {
				ALWAYS_SEARCH_USER_PATHS = NO;
				ASSETCATALOG_COMPILER_GENERATE_SWIFT_ASSET_SYMBOL_EXTENSIONS = YES;
				CLANG_ANALYZER_NONNULL = YES;
				CLANG_ANALYZER_NUMBER_OBJECT_CONVERSION = YES_AGGRESSIVE;
				CLANG_CXX_LANGUAGE_STANDARD = "gnu++20";
				CLANG_ENABLE_MODULES = YES;
				CLANG_ENABLE_OBJC_ARC = YES;
				CLANG_ENABLE_OBJC_WEAK = YES;
				CLANG_WARN_BLOCK_CAPTURE_AUTORELEASING = YES;
				CLANG_WARN_BOOL_CONVERSION = YES;
				CLANG_WARN_COMMA = YES;
				CLANG_WARN_CONSTANT_CONVERSION = YES;
				CLANG_WARN_DEPRECATED_OBJC_IMPLEMENTATIONS = YES;
				CLANG_WARN_DIRECT_OBJC_ISA_USAGE = YES_ERROR;
				CLANG_WARN_DOCUMENTATION_COMMENTS = YES;
				CLANG_WARN_EMPTY_BODY = YES;
				CLANG_WARN_ENUM_CONVERSION = YES;
				CLANG_WARN_INFINITE_RECURSION = YES;
				CLANG_WARN_INT_CONVERSION = YES;
				CLANG_WARN_NON_LITERAL_NULL_CONVERSION = YES;
				CLANG_WARN_OBJC_IMPLICIT_RETAIN_SELF = YES;
				CLANG_WARN_OBJC_LITERAL_CONVERSION = YES;
				CLANG_WARN_OBJC_ROOT_CLASS = YES_ERROR;
				CLANG_WARN_QUOTED_INCLUDE_IN_FRAMEWORK_HEADER = YES;
				CLANG_WARN_RANGE_LOOP_ANALYSIS = YES;
				CLANG_WARN_STRICT_PROTOTYPES = YES;
				CLANG_WARN_SUSPICIOUS_MOVE = YES;
				CLANG_WARN_UNGUARDED_AVAILABILITY = YES_AGGRESSIVE;
				CLANG_WARN_UNREACHABLE_CODE = YES;
				CLANG_WARN__DUPLICATE_METHOD_MATCH = YES;
				COPY_PHASE_STRIP = NO;
				DEBUG_INFORMATION_FORMAT = "dwarf-with-dsym";
				ENABLE_NS_ASSERTIONS = NO;
				ENABLE_STRICT_OBJC_MSGSEND = YES;
				ENABLE_TESTABILITY = YES;
				ENABLE_USER_SCRIPT_SANDBOXING = YES;
				GCC_C_LANGUAGE_STANDARD = gnu11;
				GCC_NO_COMMON_BLOCKS = YES;
				GCC_WARN_64_TO_32_BIT_CONVERSION = YES;
				GCC_WARN_ABOUT_RETURN_TYPE = YES_ERROR;
				GCC_WARN_UNDECLARED_SELECTOR = YES;
				GCC_WARN_UNINITIALIZED_AUTOS = YES_AGGRESSIVE;
				GCC_WARN_UNUSED_FUNCTION = YES;
				GCC_WARN_UNUSED_VARIABLE = YES;
				IPHONEOS_DEPLOYMENT_TARGET = 17.0;
				MTL_ENABLE_DEBUG_INFO = NO;
				MTL_FAST_MATH = YES;
				SDKROOT = iphoneos;
				SWIFT_COMPILATION_MODE = wholemodule;
				SWIFT_OPTIMIZATION_LEVEL = "-O";
				VALIDATE_PRODUCT = YES;
			};
			name = Release;
		};
		D03A268E29EEB6C9005B0600 /* Debug */ = {
			isa = XCBuildConfiguration;
			buildSettings = {
				ASSETCATALOG_COMPILER_APPICON_NAME = AppIcon;
				ASSETCATALOG_COMPILER_GLOBAL_ACCENT_COLOR_NAME = AccentColor;
				CODE_SIGN_ENTITLEMENTS = "Haltestellenmonitor1-DD/Haltestellenmonitor1-DD.entitlements";
				CODE_SIGN_STYLE = Automatic;
				CURRENT_PROJECT_VERSION = 0;
				DEVELOPMENT_ASSET_PATHS = "\"Haltestellenmonitor1-DD/Preview Content\"";
				DEVELOPMENT_TEAM = WGL37RNHJ6;
				ENABLE_PREVIEWS = YES;
				GENERATE_INFOPLIST_FILE = YES;
				INFOPLIST_KEY_CFBundleDisplayName = "Haltestellenmonitor Dresden";
				INFOPLIST_KEY_LSApplicationCategoryType = "public.app-category.travel";
				INFOPLIST_KEY_NSLocationWhenInUseUsageDescription = "Der Standort wird verwendet um den Abstand zur nächsten Haltestelle zu berechnen.";
				INFOPLIST_KEY_NSSupportsLiveActivities = YES;
				INFOPLIST_KEY_NSSupportsLiveActivitiesFrequentUpdates = YES;
				INFOPLIST_KEY_UIApplicationSceneManifest_Generation = YES;
				INFOPLIST_KEY_UIApplicationSupportsIndirectInputEvents = YES;
				INFOPLIST_KEY_UILaunchScreen_Generation = YES;
				INFOPLIST_KEY_UISupportedInterfaceOrientations_iPad = "UIInterfaceOrientationPortrait UIInterfaceOrientationPortraitUpsideDown UIInterfaceOrientationLandscapeLeft UIInterfaceOrientationLandscapeRight";
				INFOPLIST_KEY_UISupportedInterfaceOrientations_iPhone = "UIInterfaceOrientationPortrait UIInterfaceOrientationLandscapeLeft UIInterfaceOrientationLandscapeRight";
				IPHONEOS_DEPLOYMENT_TARGET = 17.0;
				LD_RUNPATH_SEARCH_PATHS = (
					"$(inherited)",
					"@executable_path/Frameworks",
				);
				MARKETING_VERSION = 4.0.0;
				PRODUCT_BUNDLE_IDENTIFIER = "eu.Hanashi.Haltestellenmonitor1-DD";
				PRODUCT_NAME = "$(TARGET_NAME)";
				SWIFT_EMIT_LOC_STRINGS = YES;
				SWIFT_VERSION = 5.0;
				TARGETED_DEVICE_FAMILY = "1,2";
			};
			name = Debug;
		};
		D03A268F29EEB6C9005B0600 /* Release */ = {
			isa = XCBuildConfiguration;
			buildSettings = {
				ASSETCATALOG_COMPILER_APPICON_NAME = AppIcon;
				ASSETCATALOG_COMPILER_GLOBAL_ACCENT_COLOR_NAME = AccentColor;
				CODE_SIGN_ENTITLEMENTS = "Haltestellenmonitor1-DD/Haltestellenmonitor1-DD.entitlements";
				CODE_SIGN_STYLE = Automatic;
				CURRENT_PROJECT_VERSION = 0;
				DEVELOPMENT_ASSET_PATHS = "\"Haltestellenmonitor1-DD/Preview Content\"";
				DEVELOPMENT_TEAM = WGL37RNHJ6;
				ENABLE_PREVIEWS = YES;
				GENERATE_INFOPLIST_FILE = YES;
				INFOPLIST_KEY_CFBundleDisplayName = "Haltestellenmonitor Dresden";
				INFOPLIST_KEY_LSApplicationCategoryType = "public.app-category.travel";
				INFOPLIST_KEY_NSLocationWhenInUseUsageDescription = "Der Standort wird verwendet um den Abstand zur nächsten Haltestelle zu berechnen.";
				INFOPLIST_KEY_NSSupportsLiveActivities = YES;
				INFOPLIST_KEY_NSSupportsLiveActivitiesFrequentUpdates = YES;
				INFOPLIST_KEY_UIApplicationSceneManifest_Generation = YES;
				INFOPLIST_KEY_UIApplicationSupportsIndirectInputEvents = YES;
				INFOPLIST_KEY_UILaunchScreen_Generation = YES;
				INFOPLIST_KEY_UISupportedInterfaceOrientations_iPad = "UIInterfaceOrientationPortrait UIInterfaceOrientationPortraitUpsideDown UIInterfaceOrientationLandscapeLeft UIInterfaceOrientationLandscapeRight";
				INFOPLIST_KEY_UISupportedInterfaceOrientations_iPhone = "UIInterfaceOrientationPortrait UIInterfaceOrientationLandscapeLeft UIInterfaceOrientationLandscapeRight";
				IPHONEOS_DEPLOYMENT_TARGET = 17.0;
				LD_RUNPATH_SEARCH_PATHS = (
					"$(inherited)",
					"@executable_path/Frameworks",
				);
				MARKETING_VERSION = 4.0.0;
				PRODUCT_BUNDLE_IDENTIFIER = "eu.Hanashi.Haltestellenmonitor1-DD";
				PRODUCT_NAME = "$(TARGET_NAME)";
				SWIFT_EMIT_LOC_STRINGS = YES;
				SWIFT_VERSION = 5.0;
				TARGETED_DEVICE_FAMILY = "1,2";
			};
			name = Release;
		};
		D0BD669729EFE0AB004E574C /* Debug */ = {
			isa = XCBuildConfiguration;
			buildSettings = {
				ASSETCATALOG_COMPILER_GLOBAL_ACCENT_COLOR_NAME = AccentColor;
				ASSETCATALOG_COMPILER_WIDGET_BACKGROUND_COLOR_NAME = WidgetBackground;
				CODE_SIGN_ENTITLEMENTS = MonitorWidgetExtension.entitlements;
				CODE_SIGN_STYLE = Automatic;
				CURRENT_PROJECT_VERSION = 0;
				DEVELOPMENT_TEAM = WGL37RNHJ6;
				GENERATE_INFOPLIST_FILE = YES;
				INFOPLIST_FILE = MonitorWidget/Info.plist;
				INFOPLIST_KEY_CFBundleDisplayName = MonitorWidget;
				INFOPLIST_KEY_NSHumanReadableCopyright = "";
				INFOPLIST_KEY_NSLocationWhenInUseUsageDescription = "Der Standort wird verwendet um den Abstand zur nächsten Haltestelle zu berechnen.";
				IPHONEOS_DEPLOYMENT_TARGET = 17.0;
				LD_RUNPATH_SEARCH_PATHS = (
					"$(inherited)",
					"@executable_path/Frameworks",
					"@executable_path/../../Frameworks",
				);
				MARKETING_VERSION = 4.0.0;
				PRODUCT_BUNDLE_IDENTIFIER = "eu.Hanashi.Haltestellenmonitor1-DD.MonitorWidget";
				PRODUCT_NAME = "$(TARGET_NAME)";
				SKIP_INSTALL = YES;
				SUPPORTS_MACCATALYST = YES;
				SWIFT_EMIT_LOC_STRINGS = YES;
				SWIFT_VERSION = 5.0;
				TARGETED_DEVICE_FAMILY = "1,2";
			};
			name = Debug;
		};
		D0BD669829EFE0AB004E574C /* Release */ = {
			isa = XCBuildConfiguration;
			buildSettings = {
				ASSETCATALOG_COMPILER_GLOBAL_ACCENT_COLOR_NAME = AccentColor;
				ASSETCATALOG_COMPILER_WIDGET_BACKGROUND_COLOR_NAME = WidgetBackground;
				CODE_SIGN_ENTITLEMENTS = MonitorWidgetExtension.entitlements;
				CODE_SIGN_STYLE = Automatic;
				CURRENT_PROJECT_VERSION = 0;
				DEVELOPMENT_TEAM = WGL37RNHJ6;
				GENERATE_INFOPLIST_FILE = YES;
				INFOPLIST_FILE = MonitorWidget/Info.plist;
				INFOPLIST_KEY_CFBundleDisplayName = MonitorWidget;
				INFOPLIST_KEY_NSHumanReadableCopyright = "";
				INFOPLIST_KEY_NSLocationWhenInUseUsageDescription = "Der Standort wird verwendet um den Abstand zur nächsten Haltestelle zu berechnen.";
				LD_RUNPATH_SEARCH_PATHS = (
					"$(inherited)",
					"@executable_path/Frameworks",
					"@executable_path/../../Frameworks",
				);
				MARKETING_VERSION = 4.0.0;
				PRODUCT_BUNDLE_IDENTIFIER = "eu.Hanashi.Haltestellenmonitor1-DD.MonitorWidget";
				PRODUCT_NAME = "$(TARGET_NAME)";
				SKIP_INSTALL = YES;
				SUPPORTS_MACCATALYST = YES;
				SWIFT_EMIT_LOC_STRINGS = YES;
				SWIFT_VERSION = 5.0;
				TARGETED_DEVICE_FAMILY = "1,2";
			};
			name = Release;
		};
		D0D1996129F40AAA00946D87 /* Debug */ = {
			isa = XCBuildConfiguration;
			buildSettings = {
				ASSETCATALOG_COMPILER_APPICON_NAME = AppIcon;
				ASSETCATALOG_COMPILER_GLOBAL_ACCENT_COLOR_NAME = AccentColor;
				CODE_SIGN_STYLE = Automatic;
				CURRENT_PROJECT_VERSION = 0;
				DEVELOPMENT_ASSET_PATHS = "\"WatchMonitor Watch App/Preview Content\"";
				DEVELOPMENT_TEAM = WGL37RNHJ6;
				ENABLE_PREVIEWS = YES;
				GENERATE_INFOPLIST_FILE = YES;
				INFOPLIST_KEY_NSLocationWhenInUseUsageDescription = "Der Standort wird verwendet um den Abstand zur nächsten Haltestelle zu berechnen.";
				INFOPLIST_KEY_UISupportedInterfaceOrientations = "UIInterfaceOrientationPortrait UIInterfaceOrientationPortraitUpsideDown";
				INFOPLIST_KEY_WKCompanionAppBundleIdentifier = "eu.Hanashi.Haltestellenmonitor1-DD";
				INFOPLIST_KEY_WKRunsIndependentlyOfCompanionApp = YES;
				LD_RUNPATH_SEARCH_PATHS = (
					"$(inherited)",
					"@executable_path/Frameworks",
				);
				MARKETING_VERSION = 4.0.0;
				PRODUCT_BUNDLE_IDENTIFIER = "eu.Hanashi.Haltestellenmonitor1-DD.watchkitapp";
				PRODUCT_NAME = "Haltestellenmonitor Dresden";
				SDKROOT = watchos;
				SKIP_INSTALL = YES;
				SWIFT_EMIT_LOC_STRINGS = YES;
				SWIFT_VERSION = 5.0;
				TARGETED_DEVICE_FAMILY = 4;
				WATCHOS_DEPLOYMENT_TARGET = 10.0;
			};
			name = Debug;
		};
		D0D1996229F40AAA00946D87 /* Release */ = {
			isa = XCBuildConfiguration;
			buildSettings = {
				ASSETCATALOG_COMPILER_APPICON_NAME = AppIcon;
				ASSETCATALOG_COMPILER_GLOBAL_ACCENT_COLOR_NAME = AccentColor;
				CODE_SIGN_STYLE = Automatic;
				CURRENT_PROJECT_VERSION = 0;
				DEVELOPMENT_ASSET_PATHS = "\"WatchMonitor Watch App/Preview Content\"";
				DEVELOPMENT_TEAM = WGL37RNHJ6;
				ENABLE_PREVIEWS = YES;
				GENERATE_INFOPLIST_FILE = YES;
				INFOPLIST_KEY_NSLocationWhenInUseUsageDescription = "Der Standort wird verwendet um den Abstand zur nächsten Haltestelle zu berechnen.";
				INFOPLIST_KEY_UISupportedInterfaceOrientations = "UIInterfaceOrientationPortrait UIInterfaceOrientationPortraitUpsideDown";
				INFOPLIST_KEY_WKCompanionAppBundleIdentifier = "eu.Hanashi.Haltestellenmonitor1-DD";
				INFOPLIST_KEY_WKRunsIndependentlyOfCompanionApp = YES;
				LD_RUNPATH_SEARCH_PATHS = (
					"$(inherited)",
					"@executable_path/Frameworks",
				);
				MARKETING_VERSION = 4.0.0;
				PRODUCT_BUNDLE_IDENTIFIER = "eu.Hanashi.Haltestellenmonitor1-DD.watchkitapp";
				PRODUCT_NAME = "Haltestellenmonitor Dresden";
				SDKROOT = watchos;
				SKIP_INSTALL = YES;
				SWIFT_EMIT_LOC_STRINGS = YES;
				SWIFT_VERSION = 5.0;
				TARGETED_DEVICE_FAMILY = 4;
				WATCHOS_DEPLOYMENT_TARGET = 10.0;
			};
			name = Release;
		};
/* End XCBuildConfiguration section */

/* Begin XCConfigurationList section */
		D00059CA2A52F3800007468A /* Build configuration list for PBXNativeTarget "Haltestellenmonitor1-DDTests" */ = {
			isa = XCConfigurationList;
			buildConfigurations = (
				D00059C82A52F3800007468A /* Debug */,
				D00059C92A52F3800007468A /* Release */,
			);
			defaultConfigurationIsVisible = 0;
			defaultConfigurationName = Release;
		};
		D03A267A29EEB6C9005B0600 /* Build configuration list for PBXProject "Haltestellenmonitor1-DD" */ = {
			isa = XCConfigurationList;
			buildConfigurations = (
				D03A268B29EEB6C9005B0600 /* Debug */,
				D03A268C29EEB6C9005B0600 /* Release */,
			);
			defaultConfigurationIsVisible = 0;
			defaultConfigurationName = Release;
		};
		D03A268D29EEB6C9005B0600 /* Build configuration list for PBXNativeTarget "Haltestellenmonitor1-DD" */ = {
			isa = XCConfigurationList;
			buildConfigurations = (
				D03A268E29EEB6C9005B0600 /* Debug */,
				D03A268F29EEB6C9005B0600 /* Release */,
			);
			defaultConfigurationIsVisible = 0;
			defaultConfigurationName = Release;
		};
		D0BD669629EFE0AB004E574C /* Build configuration list for PBXNativeTarget "MonitorWidgetExtension" */ = {
			isa = XCConfigurationList;
			buildConfigurations = (
				D0BD669729EFE0AB004E574C /* Debug */,
				D0BD669829EFE0AB004E574C /* Release */,
			);
			defaultConfigurationIsVisible = 0;
			defaultConfigurationName = Release;
		};
		D0D1996029F40AAA00946D87 /* Build configuration list for PBXNativeTarget "WatchMonitor Watch App" */ = {
			isa = XCConfigurationList;
			buildConfigurations = (
				D0D1996129F40AAA00946D87 /* Debug */,
				D0D1996229F40AAA00946D87 /* Release */,
			);
			defaultConfigurationIsVisible = 0;
			defaultConfigurationName = Release;
		};
/* End XCConfigurationList section */

/* Begin XCLocalSwiftPackageReference section */
		8F2E078A37D1ABF5890311D4 /* XCLocalSwiftPackageReference "HaltestellenmonitorKit" */ = {
			isa = XCLocalSwiftPackageReference;
			relativePath = HaltestellenmonitorKit;
		};
/* End XCLocalSwiftPackageReference section */

/* Begin XCSwiftPackageProductDependency section */
		1D91FD971A321013D1A6C67F /* HaltestellenmonitorKit */ = {
			isa = XCSwiftPackageProductDependency;
			package = 8F2E078A37D1ABF5890311D4 /* XCLocalSwiftPackageReference "HaltestellenmonitorKit" */;
			productName = HaltestellenmonitorKit;
		};
		425AEA0C8CBD64542A459542 /* HaltestellenmonitorKit */ = {
			isa = XCSwiftPackageProductDependency;
			package = 8F2E078A37D1ABF5890311D4 /* XCLocalSwiftPackageReference "HaltestellenmonitorKit" */;
			productName = HaltestellenmonitorKit;
		};
		D25E979F22745EBF02D34F08 /* HaltestellenmonitorKit */ = {
			isa = XCSwiftPackageProductDependency;
			package = 8F2E078A37D1ABF5890311D4 /* XCLocalSwiftPackageReference "HaltestellenmonitorKit" */;
			productName = HaltestellenmonitorKit;
		};
/* End XCSwiftPackageProductDependency section */
	};
	rootObject = D03A267729EEB6C9005B0600 /* Project object */;
}
